<?xml version="1.0" encoding="UTF-8"?>
<Project ToolsVersion="14.0" xmlns="http://schemas.microsoft.com/developer/msbuild/2003">
  <ItemGroup>
    <ClCompile Include="D:\Repositories\OpenGL-Tutorial\tutorial13_normal_mapping\tutorial13.cpp">
      <Filter>Source Files</Filter>
    </ClCompile>
    <ClCompile Include="D:\Repositories\OpenGL-Tutorial\common\shader.cpp">
      <Filter>common</Filter>
    </ClCompile>
    <ClCompile Include="D:\Repositories\OpenGL-Tutorial\common\controls.cpp">
      <Filter>common</Filter>
    </ClCompile>
    <ClCompile Include="D:\Repositories\OpenGL-Tutorial\common\texture.cpp">
      <Filter>common</Filter>
    </ClCompile>
    <ClCompile Include="D:\Repositories\OpenGL-Tutorial\common\objloader.cpp">
      <Filter>common</Filter>
    </ClCompile>
    <ClCompile Include="D:\Repositories\OpenGL-Tutorial\common\vboindexer.cpp">
      <Filter>common</Filter>
    </ClCompile>
    <ClCompile Include="D:\Repositories\OpenGL-Tutorial\common\text2D.cpp">
      <Filter>common</Filter>
    </ClCompile>
    <ClCompile Include="D:\Repositories\OpenGL-Tutorial\common\tangentspace.cpp">
      <Filter>common</Filter>
    </ClCompile>
  </ItemGroup>
  <ItemGroup>
    <ClInclude Include="D:\Repositories\OpenGL-Tutorial\common\shader.hpp">
      <Filter>common</Filter>
    </ClInclude>
    <ClInclude Include="D:\Repositories\OpenGL-Tutorial\common\controls.hpp">
      <Filter>common</Filter>
    </ClInclude>
    <ClInclude Include="D:\Repositories\OpenGL-Tutorial\common\texture.hpp">
      <Filter>common</Filter>
    </ClInclude>
    <ClInclude Include="D:\Repositories\OpenGL-Tutorial\common\objloader.hpp">
      <Filter>common</Filter>
    </ClInclude>
    <ClInclude Include="D:\Repositories\OpenGL-Tutorial\common\vboindexer.hpp">
      <Filter>common</Filter>
    </ClInclude>
    <ClInclude Include="D:\Repositories\OpenGL-Tutorial\common\text2D.hpp">
      <Filter>common</Filter>
    </ClInclude>
    <ClInclude Include="D:\Repositories\OpenGL-Tutorial\common\tangentspace.hpp">
      <Filter>common</Filter>
    </ClInclude>
  </ItemGroup>
  <ItemGroup>
    <CustomBuild Include="D:\Repositories\OpenGL-Tutorial\CMakeLists.txt" />
  </ItemGroup>
  <ItemGroup>
    <None Include="D:\Repositories\OpenGL-Tutorial\tutorial13_normal_mapping\NormalMapping.vertexshader">
      <Filter>shaders</Filter>
    </None>
    <None Include="D:\Repositories\OpenGL-Tutorial\tutorial13_normal_mapping\NormalMapping.fragmentshader">
      <Filter>shaders</Filter>
    </None>
  </ItemGroup>
  <ItemGroup>
    <Filter Include="Source Files">
      <UniqueIdentifier>{BB78711C-8946-342E-A932-FADD17340483}</UniqueIdentifier>
    </Filter>
    <Filter Include="common">
      <UniqueIdentifier>{53C79900-91BC-3D83-AD99-347CA87BC250}</UniqueIdentifier>
    </Filter>
    <Filter Include="shaders">
      <UniqueIdentifier>{B3FBE585-A674-3914-B9E8-577F177C34DB}</UniqueIdentifier>
    </Filter>
  </ItemGroup>
</Project>
